
Microsoft Visual Studio Solution File, Format Version 12.00
# Visual Studio 2012
Project("{FAE04EC0-301F-11D3-BF4B-00C04F79EFBC}") = "CWAPI", "CWAPI\CWAPI.csproj", "{C01AF732-C10E-429D-9BD4-113587374E9F}"
EndProject
Global
	GlobalSection(SolutionConfigurationPlatforms) = preSolution
		Debug|Any CPU = Debug|Any CPU
		Release|Any CPU = Release|Any CPU
	EndGlobalSection
	GlobalSection(ProjectConfigurationPlatforms) = postSolution
		{C01AF732-C10E-429D-9BD4-113587374E9F}.Debug|Any CPU.ActiveCfg = Debug|Any CPU
		{C01AF732-C10E-429D-9BD4-113587374E9F}.Debug|Any CPU.Build.0 = Debug|Any CPU
		{C01AF732-C10E-429D-9BD4-113587374E9F}.Release|Any CPU.ActiveCfg = Release|Any CPU
		{C01AF732-C10E-429D-9BD4-113587374E9F}.Release|Any CPU.Build.0 = Release|Any CPU
	EndGlobalSection
	GlobalSection(SolutionProperties) = preSolution
		HideSolutionNode = FALSE
	EndGlobalSection
EndGlobal
